
Microsoft Visual Studio Solution File, Format Version 12.00
# Visual Studio 15
VisualStudioVersion = 15.0.27130.2036
MinimumVisualStudioVersion = 10.0.40219.1
Project("{FAE04EC0-301F-11D3-BF4B-00C04F79EFBC}") = "TapFast2.WP81", "TapFast2\TapFast2.WP81\TapFast2.WP81.csproj", "{B54B60CD-59C5-408A-83E5-2C657198009D}"
EndProject
Project("{FAE04EC0-301F-11D3-BF4B-00C04F79EFBC}") = "TapFast2.Droid", "TapFast2\TapFast2.Droid\TapFast2.Droid.csproj", "{E6257CFF-893D-4AB1-A177-6D29475BA558}"
EndProject
Project("{FAE04EC0-301F-11D3-BF4B-00C04F79EFBC}") = "TapFast2.iOS", "TapFast2\TapFast2.iOS\TapFast2.iOS.csproj", "{AFFFD682-5BE2-4392-A058-CAAE978B608E}"
EndProject
Project("{FAE04EC0-301F-11D3-BF4B-00C04F79EFBC}") = "TapFast2", "TapFast2\TapFast2\TapFast2.csproj", "{F88B1D34-5D63-4B0A-8A5C-C5CB01212A8A}"
EndProject
Project("{FAE04EC0-301F-11D3-BF4B-00C04F79EFBC}") = "TapFast2.UITest", "TapFast2.UITest\TapFast2.UITest.csproj", "{AD361A66-19BF-4CBC-AD72-8F5903E1D313}"
EndProject
Global
	GlobalSection(SolutionConfigurationPlatforms) = preSolution
		Debug|Any CPU = Debug|Any CPU
		Debug|ARM = Debug|ARM
		Debug|iPhone = Debug|iPhone
		Debug|iPhoneSimulator = Debug|iPhoneSimulator
		Debug|x86 = Debug|x86
		iOS Release|Any CPU = iOS Release|Any CPU
		iOS Release|ARM = iOS Release|ARM
		iOS Release|iPhone = iOS Release|iPhone
		iOS Release|iPhoneSimulator = iOS Release|iPhoneSimulator
		iOS Release|x86 = iOS Release|x86
		Release|Any CPU = Release|Any CPU
		Release|ARM = Release|ARM
		Release|iPhone = Release|iPhone
		Release|iPhoneSimulator = Release|iPhoneSimulator
		Release|x86 = Release|x86
	EndGlobalSection
	GlobalSection(ProjectConfigurationPlatforms) = postSolution
		{B54B60CD-59C5-408A-83E5-2C657198009D}.Debug|Any CPU.ActiveCfg = Debug|Any CPU
		{B54B60CD-59C5-408A-83E5-2C657198009D}.Debug|Any CPU.Build.0 = Debug|Any CPU
		{B54B60CD-59C5-408A-83E5-2C657198009D}.Debug|Any CPU.Deploy.0 = Debug|Any CPU
		{B54B60CD-59C5-408A-83E5-2C657198009D}.Debug|ARM.ActiveCfg = Debug|ARM
		{B54B60CD-59C5-408A-83E5-2C657198009D}.Debug|ARM.Build.0 = Debug|ARM
		{B54B60CD-59C5-408A-83E5-2C657198009D}.Debug|ARM.Deploy.0 = Debug|ARM
		{B54B60CD-59C5-408A-83E5-2C657198009D}.Debug|iPhone.ActiveCfg = Debug|Any CPU
		{B54B60CD-59C5-408A-83E5-2C657198009D}.Debug|iPhone.Build.0 = Debug|Any CPU
		{B54B60CD-59C5-408A-83E5-2C657198009D}.Debug|iPhone.Deploy.0 = Debug|Any CPU
		{B54B60CD-59C5-408A-83E5-2C657198009D}.Debug|iPhoneSimulator.ActiveCfg = Debug|Any CPU
		{B54B60CD-59C5-408A-83E5-2C657198009D}.Debug|iPhoneSimulator.Build.0 = Debug|Any CPU
		{B54B60CD-59C5-408A-83E5-2C657198009D}.Debug|iPhoneSimulator.Deploy.0 = Debug|Any CPU
		{B54B60CD-59C5-408A-83E5-2C657198009D}.Debug|x86.ActiveCfg = Debug|x86
		{B54B60CD-59C5-408A-83E5-2C657198009D}.Debug|x86.Build.0 = Debug|x86
		{B54B60CD-59C5-408A-83E5-2C657198009D}.Debug|x86.Deploy.0 = Debug|x86
		{B54B60CD-59C5-408A-83E5-2C657198009D}.iOS Release|Any CPU.ActiveCfg = iOS Release|Any CPU
		{B54B60CD-59C5-408A-83E5-2C657198009D}.iOS Release|Any CPU.Deploy.0 = iOS Release|Any CPU
		{B54B60CD-59C5-408A-83E5-2C657198009D}.iOS Release|ARM.ActiveCfg = iOS Release|ARM
		{B54B60CD-59C5-408A-83E5-2C657198009D}.iOS Release|ARM.Deploy.0 = iOS Release|ARM
		{B54B60CD-59C5-408A-83E5-2C657198009D}.iOS Release|iPhone.ActiveCfg = iOS Release|Any CPU
		{B54B60CD-59C5-408A-83E5-2C657198009D}.iOS Release|iPhoneSimulator.ActiveCfg = iOS Release|Any CPU
		{B54B60CD-59C5-408A-83E5-2C657198009D}.iOS Release|iPhoneSimulator.Build.0 = iOS Release|Any CPU
		{B54B60CD-59C5-408A-83E5-2C657198009D}.iOS Release|iPhoneSimulator.Deploy.0 = iOS Release|Any CPU
		{B54B60CD-59C5-408A-83E5-2C657198009D}.iOS Release|x86.ActiveCfg = iOS Release|x86
		{B54B60CD-59C5-408A-83E5-2C657198009D}.iOS Release|x86.Deploy.0 = iOS Release|x86
		{B54B60CD-59C5-408A-83E5-2C657198009D}.Release|Any CPU.ActiveCfg = Release|Any CPU
		{B54B60CD-59C5-408A-83E5-2C657198009D}.Release|Any CPU.Build.0 = Release|Any CPU
		{B54B60CD-59C5-408A-83E5-2C657198009D}.Release|Any CPU.Deploy.0 = Release|Any CPU
		{B54B60CD-59C5-408A-83E5-2C657198009D}.Release|ARM.ActiveCfg = Release|ARM
		{B54B60CD-59C5-408A-83E5-2C657198009D}.Release|ARM.Build.0 = Release|ARM
		{B54B60CD-59C5-408A-83E5-2C657198009D}.Release|ARM.Deploy.0 = Release|ARM
		{B54B60CD-59C5-408A-83E5-2C657198009D}.Release|iPhone.ActiveCfg = Release|x86
		{B54B60CD-59C5-408A-83E5-2C657198009D}.Release|iPhoneSimulator.ActiveCfg = Release|Any CPU
		{B54B60CD-59C5-408A-83E5-2C657198009D}.Release|iPhoneSimulator.Build.0 = Release|Any CPU
		{B54B60CD-59C5-408A-83E5-2C657198009D}.Release|iPhoneSimulator.Deploy.0 = Release|Any CPU
		{B54B60CD-59C5-408A-83E5-2C657198009D}.Release|x86.ActiveCfg = Release|x86
		{B54B60CD-59C5-408A-83E5-2C657198009D}.Release|x86.Build.0 = Release|x86
		{B54B60CD-59C5-408A-83E5-2C657198009D}.Release|x86.Deploy.0 = Release|x86
		{E6257CFF-893D-4AB1-A177-6D29475BA558}.Debug|Any CPU.ActiveCfg = Debug|Any CPU
		{E6257CFF-893D-4AB1-A177-6D29475BA558}.Debug|Any CPU.Build.0 = Debug|Any CPU
		{E6257CFF-893D-4AB1-A177-6D29475BA558}.Debug|Any CPU.Deploy.0 = Debug|Any CPU
		{E6257CFF-893D-4AB1-A177-6D29475BA558}.Debug|ARM.ActiveCfg = Debug|Any CPU
		{E6257CFF-893D-4AB1-A177-6D29475BA558}.Debug|ARM.Build.0 = Debug|Any CPU
		{E6257CFF-893D-4AB1-A177-6D29475BA558}.Debug|ARM.Deploy.0 = Debug|Any CPU
		{E6257CFF-893D-4AB1-A177-6D29475BA558}.Debug|iPhone.ActiveCfg = Debug|Any CPU
		{E6257CFF-893D-4AB1-A177-6D29475BA558}.Debug|iPhone.Build.0 = Debug|Any CPU
		{E6257CFF-893D-4AB1-A177-6D29475BA558}.Debug|iPhone.Deploy.0 = Debug|Any CPU
		{E6257CFF-893D-4AB1-A177-6D29475BA558}.Debug|iPhoneSimulator.ActiveCfg = Debug|Any CPU
		{E6257CFF-893D-4AB1-A177-6D29475BA558}.Debug|iPhoneSimulator.Build.0 = Debug|Any CPU
		{E6257CFF-893D-4AB1-A177-6D29475BA558}.Debug|iPhoneSimulator.Deploy.0 = Debug|Any CPU
		{E6257CFF-893D-4AB1-A177-6D29475BA558}.Debug|x86.ActiveCfg = Debug|Any CPU
		{E6257CFF-893D-4AB1-A177-6D29475BA558}.Debug|x86.Build.0 = Debug|Any CPU
		{E6257CFF-893D-4AB1-A177-6D29475BA558}.Debug|x86.Deploy.0 = Debug|Any CPU
		{E6257CFF-893D-4AB1-A177-6D29475BA558}.iOS Release|Any CPU.ActiveCfg = iOS Release|Any CPU
		{E6257CFF-893D-4AB1-A177-6D29475BA558}.iOS Release|Any CPU.Deploy.0 = iOS Release|Any CPU
		{E6257CFF-893D-4AB1-A177-6D29475BA558}.iOS Release|ARM.ActiveCfg = iOS Release|Any CPU
		{E6257CFF-893D-4AB1-A177-6D29475BA558}.iOS Release|ARM.Build.0 = iOS Release|Any CPU
		{E6257CFF-893D-4AB1-A177-6D29475BA558}.iOS Release|ARM.Deploy.0 = iOS Release|Any CPU
		{E6257CFF-893D-4AB1-A177-6D29475BA558}.iOS Release|iPhone.ActiveCfg = iOS Release|Any CPU
		{E6257CFF-893D-4AB1-A177-6D29475BA558}.iOS Release|iPhoneSimulator.ActiveCfg = iOS Release|Any CPU
		{E6257CFF-893D-4AB1-A177-6D29475BA558}.iOS Release|iPhoneSimulator.Build.0 = iOS Release|Any CPU
		{E6257CFF-893D-4AB1-A177-6D29475BA558}.iOS Release|iPhoneSimulator.Deploy.0 = iOS Release|Any CPU
		{E6257CFF-893D-4AB1-A177-6D29475BA558}.iOS Release|x86.ActiveCfg = iOS Release|Any CPU
		{E6257CFF-893D-4AB1-A177-6D29475BA558}.iOS Release|x86.Build.0 = iOS Release|Any CPU
		{E6257CFF-893D-4AB1-A177-6D29475BA558}.iOS Release|x86.Deploy.0 = iOS Release|Any CPU
		{E6257CFF-893D-4AB1-A177-6D29475BA558}.Release|Any CPU.ActiveCfg = Release|Any CPU
		{E6257CFF-893D-4AB1-A177-6D29475BA558}.Release|Any CPU.Build.0 = Release|Any CPU
		{E6257CFF-893D-4AB1-A177-6D29475BA558}.Release|Any CPU.Deploy.0 = Release|Any CPU
		{E6257CFF-893D-4AB1-A177-6D29475BA558}.Release|ARM.ActiveCfg = Release|Any CPU
		{E6257CFF-893D-4AB1-A177-6D29475BA558}.Release|ARM.Build.0 = Release|Any CPU
		{E6257CFF-893D-4AB1-A177-6D29475BA558}.Release|ARM.Deploy.0 = Release|Any CPU
		{E6257CFF-893D-4AB1-A177-6D29475BA558}.Release|iPhone.ActiveCfg = Release|Any CPU
		{E6257CFF-893D-4AB1-A177-6D29475BA558}.Release|iPhoneSimulator.ActiveCfg = Release|Any CPU
		{E6257CFF-893D-4AB1-A177-6D29475BA558}.Release|iPhoneSimulator.Build.0 = Release|Any CPU
		{E6257CFF-893D-4AB1-A177-6D29475BA558}.Release|iPhoneSimulator.Deploy.0 = Release|Any CPU
		{E6257CFF-893D-4AB1-A177-6D29475BA558}.Release|x86.ActiveCfg = Release|Any CPU
		{E6257CFF-893D-4AB1-A177-6D29475BA558}.Release|x86.Build.0 = Release|Any CPU
		{E6257CFF-893D-4AB1-A177-6D29475BA558}.Release|x86.Deploy.0 = Release|Any CPU
		{AFFFD682-5BE2-4392-A058-CAAE978B608E}.Debug|Any CPU.ActiveCfg = Debug|iPhone
		{AFFFD682-5BE2-4392-A058-CAAE978B608E}.Debug|Any CPU.Build.0 = Debug|iPhone
		{AFFFD682-5BE2-4392-A058-CAAE978B608E}.Debug|Any CPU.Deploy.0 = Debug|iPhone
		{AFFFD682-5BE2-4392-A058-CAAE978B608E}.Debug|ARM.ActiveCfg = Debug|iPhone
		{AFFFD682-5BE2-4392-A058-CAAE978B608E}.Debug|iPhone.ActiveCfg = Debug|iPhoneSimulator
		{AFFFD682-5BE2-4392-A058-CAAE978B608E}.Debug|iPhone.Build.0 = Debug|iPhoneSimulator
		{AFFFD682-5BE2-4392-A058-CAAE978B608E}.Debug|iPhoneSimulator.ActiveCfg = Debug|iPhoneSimulator
		{AFFFD682-5BE2-4392-A058-CAAE978B608E}.Debug|iPhoneSimulator.Build.0 = Debug|iPhoneSimulator
		{AFFFD682-5BE2-4392-A058-CAAE978B608E}.Debug|x86.ActiveCfg = Debug|iPhone
		{AFFFD682-5BE2-4392-A058-CAAE978B608E}.iOS Release|Any CPU.ActiveCfg = iOS Release|iPhone
		{AFFFD682-5BE2-4392-A058-CAAE978B608E}.iOS Release|ARM.ActiveCfg = iOS Release|iPhone
		{AFFFD682-5BE2-4392-A058-CAAE978B608E}.iOS Release|iPhone.ActiveCfg = iOS Release|iPhone
		{AFFFD682-5BE2-4392-A058-CAAE978B608E}.iOS Release|iPhone.Build.0 = iOS Release|iPhone
		{AFFFD682-5BE2-4392-A058-CAAE978B608E}.iOS Release|iPhoneSimulator.ActiveCfg = iOS Release|iPhoneSimulator
		{AFFFD682-5BE2-4392-A058-CAAE978B608E}.iOS Release|iPhoneSimulator.Build.0 = iOS Release|iPhoneSimulator
		{AFFFD682-5BE2-4392-A058-CAAE978B608E}.iOS Release|x86.ActiveCfg = iOS Release|iPhone
		{AFFFD682-5BE2-4392-A058-CAAE978B608E}.Release|Any CPU.ActiveCfg = Release|iPhone
		{AFFFD682-5BE2-4392-A058-CAAE978B608E}.Release|ARM.ActiveCfg = Release|iPhone
		{AFFFD682-5BE2-4392-A058-CAAE978B608E}.Release|iPhone.ActiveCfg = Release|iPhone
		{AFFFD682-5BE2-4392-A058-CAAE978B608E}.Release|iPhone.Build.0 = Release|iPhone
		{AFFFD682-5BE2-4392-A058-CAAE978B608E}.Release|iPhone.Deploy.0 = Release|iPhone
		{AFFFD682-5BE2-4392-A058-CAAE978B608E}.Release|iPhoneSimulator.ActiveCfg = Release|iPhoneSimulator
		{AFFFD682-5BE2-4392-A058-CAAE978B608E}.Release|iPhoneSimulator.Build.0 = Release|iPhoneSimulator
		{AFFFD682-5BE2-4392-A058-CAAE978B608E}.Release|x86.ActiveCfg = Release|iPhone
		{F88B1D34-5D63-4B0A-8A5C-C5CB01212A8A}.Debug|Any CPU.ActiveCfg = Debug|Any CPU
		{F88B1D34-5D63-4B0A-8A5C-C5CB01212A8A}.Debug|Any CPU.Build.0 = Debug|Any CPU
		{F88B1D34-5D63-4B0A-8A5C-C5CB01212A8A}.Debug|ARM.ActiveCfg = Debug|Any CPU
		{F88B1D34-5D63-4B0A-8A5C-C5CB01212A8A}.Debug|ARM.Build.0 = Debug|Any CPU
		{F88B1D34-5D63-4B0A-8A5C-C5CB01212A8A}.Debug|iPhone.ActiveCfg = Debug|Any CPU
		{F88B1D34-5D63-4B0A-8A5C-C5CB01212A8A}.Debug|iPhone.Build.0 = Debug|Any CPU
		{F88B1D34-5D63-4B0A-8A5C-C5CB01212A8A}.Debug|iPhoneSimulator.ActiveCfg = Debug|Any CPU
		{F88B1D34-5D63-4B0A-8A5C-C5CB01212A8A}.Debug|iPhoneSimulator.Build.0 = Debug|Any CPU
		{F88B1D34-5D63-4B0A-8A5C-C5CB01212A8A}.Debug|x86.ActiveCfg = Debug|Any CPU
		{F88B1D34-5D63-4B0A-8A5C-C5CB01212A8A}.Debug|x86.Build.0 = Debug|Any CPU
		{F88B1D34-5D63-4B0A-8A5C-C5CB01212A8A}.iOS Release|Any CPU.ActiveCfg = iOS Release|Any CPU
		{F88B1D34-5D63-4B0A-8A5C-C5CB01212A8A}.iOS Release|Any CPU.Build.0 = iOS Release|Any CPU
		{F88B1D34-5D63-4B0A-8A5C-C5CB01212A8A}.iOS Release|ARM.ActiveCfg = iOS Release|Any CPU
		{F88B1D34-5D63-4B0A-8A5C-C5CB01212A8A}.iOS Release|ARM.Build.0 = iOS Release|Any CPU
		{F88B1D34-5D63-4B0A-8A5C-C5CB01212A8A}.iOS Release|iPhone.ActiveCfg = iOS Release|Any CPU
		{F88B1D34-5D63-4B0A-8A5C-C5CB01212A8A}.iOS Release|iPhone.Build.0 = iOS Release|Any CPU
		{F88B1D34-5D63-4B0A-8A5C-C5CB01212A8A}.iOS Release|iPhoneSimulator.ActiveCfg = iOS Release|Any CPU
		{F88B1D34-5D63-4B0A-8A5C-C5CB01212A8A}.iOS Release|iPhoneSimulator.Build.0 = iOS Release|Any CPU
		{F88B1D34-5D63-4B0A-8A5C-C5CB01212A8A}.iOS Release|x86.ActiveCfg = iOS Release|Any CPU
		{F88B1D34-5D63-4B0A-8A5C-C5CB01212A8A}.iOS Release|x86.Build.0 = iOS Release|Any CPU
		{F88B1D34-5D63-4B0A-8A5C-C5CB01212A8A}.Release|Any CPU.ActiveCfg = Release|Any CPU
		{F88B1D34-5D63-4B0A-8A5C-C5CB01212A8A}.Release|Any CPU.Build.0 = Release|Any CPU
		{F88B1D34-5D63-4B0A-8A5C-C5CB01212A8A}.Release|ARM.ActiveCfg = Release|Any CPU
		{F88B1D34-5D63-4B0A-8A5C-C5CB01212A8A}.Release|ARM.Build.0 = Release|Any CPU
		{F88B1D34-5D63-4B0A-8A5C-C5CB01212A8A}.Release|iPhone.ActiveCfg = Release|Any CPU
		{F88B1D34-5D63-4B0A-8A5C-C5CB01212A8A}.Release|iPhone.Build.0 = Release|Any CPU
		{F88B1D34-5D63-4B0A-8A5C-C5CB01212A8A}.Release|iPhoneSimulator.ActiveCfg = Release|Any CPU
		{F88B1D34-5D63-4B0A-8A5C-C5CB01212A8A}.Release|iPhoneSimulator.Build.0 = Release|Any CPU
		{F88B1D34-5D63-4B0A-8A5C-C5CB01212A8A}.Release|x86.ActiveCfg = Release|Any CPU
		{F88B1D34-5D63-4B0A-8A5C-C5CB01212A8A}.Release|x86.Build.0 = Release|Any CPU
		{AD361A66-19BF-4CBC-AD72-8F5903E1D313}.Debug|Any CPU.ActiveCfg = Debug|Any CPU
		{AD361A66-19BF-4CBC-AD72-8F5903E1D313}.Debug|Any CPU.Build.0 = Debug|Any CPU
		{AD361A66-19BF-4CBC-AD72-8F5903E1D313}.Debug|ARM.ActiveCfg = Debug|Any CPU
		{AD361A66-19BF-4CBC-AD72-8F5903E1D313}.Debug|ARM.Build.0 = Debug|Any CPU
		{AD361A66-19BF-4CBC-AD72-8F5903E1D313}.Debug|iPhone.ActiveCfg = Debug|Any CPU
		{AD361A66-19BF-4CBC-AD72-8F5903E1D313}.Debug|iPhoneSimulator.ActiveCfg = Debug|Any CPU
		{AD361A66-19BF-4CBC-AD72-8F5903E1D313}.Debug|iPhoneSimulator.Build.0 = Debug|Any CPU
		{AD361A66-19BF-4CBC-AD72-8F5903E1D313}.Debug|x86.ActiveCfg = Debug|Any CPU
		{AD361A66-19BF-4CBC-AD72-8F5903E1D313}.Debug|x86.Build.0 = Debug|Any CPU
		{AD361A66-19BF-4CBC-AD72-8F5903E1D313}.iOS Release|Any CPU.ActiveCfg = Release|Any CPU
		{AD361A66-19BF-4CBC-AD72-8F5903E1D313}.iOS Release|Any CPU.Build.0 = Release|Any CPU
		{AD361A66-19BF-4CBC-AD72-8F5903E1D313}.iOS Release|ARM.ActiveCfg = Release|Any CPU
		{AD361A66-19BF-4CBC-AD72-8F5903E1D313}.iOS Release|ARM.Build.0 = Release|Any CPU
		{AD361A66-19BF-4CBC-AD72-8F5903E1D313}.iOS Release|iPhone.ActiveCfg = Release|Any CPU
		{AD361A66-19BF-4CBC-AD72-8F5903E1D313}.iOS Release|iPhone.Build.0 = Release|Any CPU
		{AD361A66-19BF-4CBC-AD72-8F5903E1D313}.iOS Release|iPhoneSimulator.ActiveCfg = Release|Any CPU
		{AD361A66-19BF-4CBC-AD72-8F5903E1D313}.iOS Release|iPhoneSimulator.Build.0 = Release|Any CPU
		{AD361A66-19BF-4CBC-AD72-8F5903E1D313}.iOS Release|x86.ActiveCfg = Release|Any CPU
		{AD361A66-19BF-4CBC-AD72-8F5903E1D313}.iOS Release|x86.Build.0 = Release|Any CPU
		{AD361A66-19BF-4CBC-AD72-8F5903E1D313}.Release|Any CPU.ActiveCfg = Release|Any CPU
		{AD361A66-19BF-4CBC-AD72-8F5903E1D313}.Release|Any CPU.Build.0 = Release|Any CPU
		{AD361A66-19BF-4CBC-AD72-8F5903E1D313}.Release|ARM.ActiveCfg = Release|Any CPU
		{AD361A66-19BF-4CBC-AD72-8F5903E1D313}.Release|ARM.Build.0 = Release|Any CPU
		{AD361A66-19BF-4CBC-AD72-8F5903E1D313}.Release|iPhone.ActiveCfg = Release|Any CPU
		{AD361A66-19BF-4CBC-AD72-8F5903E1D313}.Release|iPhone.Build.0 = Release|Any CPU
		{AD361A66-19BF-4CBC-AD72-8F5903E1D313}.Release|iPhoneSimulator.ActiveCfg = Release|Any CPU
		{AD361A66-19BF-4CBC-AD72-8F5903E1D313}.Release|iPhoneSimulator.Build.0 = Release|Any CPU
		{AD361A66-19BF-4CBC-AD72-8F5903E1D313}.Release|x86.ActiveCfg = Release|Any CPU
		{AD361A66-19BF-4CBC-AD72-8F5903E1D313}.Release|x86.Build.0 = Release|Any CPU
	EndGlobalSection
	GlobalSection(SolutionProperties) = preSolution
		HideSolutionNode = FALSE
	EndGlobalSection
	GlobalSection(ExtensibilityGlobals) = postSolution
		SolutionGuid = {84D63478-90DB-4126-9C1E-AE2C09A23357}
	EndGlobalSection
	GlobalSection(TeamFoundationVersionControl) = preSolution
		SccNumberOfProjects = 6
		SccEnterpriseProvider = {4CA58AB2-18FA-4F8D-95D4-32DDF27D184C}
		SccTeamFoundationServer = https://vorsightech.visualstudio.com/
		SccLocalPath0 = .
		SccProjectUniqueName1 = TapFast2\\TapFast2.Droid\\TapFast2.Droid.csproj
		SccProjectName1 = TapFast2/TapFast2.Droid
		SccLocalPath1 = TapFast2\\TapFast2.Droid
		SccProjectUniqueName2 = TapFast2\\TapFast2.iOS\\TapFast2.iOS.csproj
		SccProjectName2 = TapFast2/TapFast2.iOS
		SccLocalPath2 = TapFast2\\TapFast2.iOS
		SccProjectUniqueName3 = TapFast2\\TapFast2.WP81\\TapFast2.WP81.csproj
		SccProjectName3 = TapFast2/TapFast2.WP81
		SccLocalPath3 = TapFast2\\TapFast2.WP81
		SccProjectUniqueName4 = TapFast2\\TapFast2\\TapFast2.csproj
		SccProjectName4 = TapFast2/TapFast2
		SccLocalPath4 = TapFast2\\TapFast2
		SccProjectUniqueName5 = TapFast2.UITest\\TapFast2.UITest.csproj
		SccProjectName5 = TapFast2.UITest
		SccLocalPath5 = TapFast2.UITest
	EndGlobalSection
EndGlobal
